github.com/gorilla/mux v1.8.0 h1:i40aqfkR1h2SlN9hojwV5ZA91wcXFOvkdNIeFDP5koI=
github.com/gorilla/mux v1.8.0/go.mod h1:DVbg23sWSpFRCP0SfiEN6jmj59UnW/n46BH5rLB71So=
github.com/repeale/fp-go v0.11.1 h1:Q/e+gNyyHaxKAyfdbBqvip3DxhVWH453R+kthvSr9Mk=
github.com/repeale/fp-go v0.11.1/go.mod h1:4KrwQJB1VRY+06CA+jTc4baZetr6o2PeuqnKr5ybQUc=
